
Microsoft Visual Studio Solution File, Format Version 12.00
# Visual Studio Version 17
VisualStudioVersion = 17.10.34707.107
MinimumVisualStudioVersion = 10.0.40219.1
Project("{FAE04EC0-301F-11D3-BF4B-00C04F79EFBC}") = "CodeBridgeTestApp", "CodeBridgeTestApp\CodeBridgeTestApp.csproj", "{81620339-902E-4171-850B-45C1A02E50EE}"
EndProject
Project("{FAE04EC0-301F-11D3-BF4B-00C04F79EFBC}") = "UnitTests", "UnitTests\UnitTests.csproj", "{C6B749C2-5C74-477C-BD7F-8255EBB9C3B9}"
EndProject
Global
	GlobalSection(SolutionConfigurationPlatforms) = preSolution
		Debug|Any CPU = Debug|Any CPU
		Release|Any CPU = Release|Any CPU
	EndGlobalSection
	GlobalSection(ProjectConfigurationPlatforms) = postSolution
		{81620339-902E-4171-850B-45C1A02E50EE}.Debug|Any CPU.ActiveCfg = Debug|Any CPU
		{81620339-902E-4171-850B-45C1A02E50EE}.Debug|Any CPU.Build.0 = Debug|Any CPU
		{81620339-902E-4171-850B-45C1A02E50EE}.Release|Any CPU.ActiveCfg = Release|Any CPU
		{81620339-902E-4171-850B-45C1A02E50EE}.Release|Any CPU.Build.0 = Release|Any CPU
		{C6B749C2-5C74-477C-BD7F-8255EBB9C3B9}.Debug|Any CPU.ActiveCfg = Debug|Any CPU
		{C6B749C2-5C74-477C-BD7F-8255EBB9C3B9}.Debug|Any CPU.Build.0 = Debug|Any CPU
		{C6B749C2-5C74-477C-BD7F-8255EBB9C3B9}.Release|Any CPU.ActiveCfg = Release|Any CPU
		{C6B749C2-5C74-477C-BD7F-8255EBB9C3B9}.Release|Any CPU.Build.0 = Release|Any CPU
	EndGlobalSection
	GlobalSection(SolutionProperties) = preSolution
		HideSolutionNode = FALSE
	EndGlobalSection
	GlobalSection(ExtensibilityGlobals) = postSolution
		SolutionGuid = {B5E4DD32-685B-424C-B51A-571C10B6DAB1}
	EndGlobalSection
EndGlobal
